<?xml version="1.0" encoding="utf-8"?>
<Project ToolsVersion="4.0" xmlns="http://schemas.microsoft.com/developer/msbuild/2003">
  <ItemGroup>
    <Filter Include="Main">
      <UniqueIdentifier>{a53988fc-b405-4045-89af-ac404b34c121}</UniqueIdentifier>
    </Filter>
    <Filter Include="PCH">
      <UniqueIdentifier>{6fc19bdf-80bd-415e-ab3d-229fe7715062}</UniqueIdentifier>
    </Filter>
    <Filter Include="Sesssion">
      <UniqueIdentifier>{e2049c5b-53db-490c-ae98-fdbdcbeae918}</UniqueIdentifier>
    </Filter>
    <Filter Include="Protobuf">
      <UniqueIdentifier>{3d18b345-8e8d-4d53-b4c6-9a4f62982f99}</UniqueIdentifier>
    </Filter>
    <Filter Include="Manager">
      <UniqueIdentifier>{1e75d390-964c-4c86-b89c-498ffeafd5dc}</UniqueIdentifier>
    </Filter>
    <Filter Include="Manager\GameManager">
      <UniqueIdentifier>{e151e145-f6be-4bf2-b06e-2b17312a2d7b}</UniqueIdentifier>
    </Filter>
  </ItemGroup>
  <ItemGroup>
    <ClCompile Include="GameServer.cpp">
      <Filter>Main</Filter>
    </ClCompile>
    <ClCompile Include="pch.cpp">
      <Filter>PCH</Filter>
    </ClCompile>
    <ClCompile Include="ClientSession.cpp">
      <Filter>Sesssion</Filter>
    </ClCompile>
    <ClCompile Include="Protocol.pb.cc">
      <Filter>Protobuf</Filter>
    </ClCompile>
    <ClCompile Include="ClientPacketHandler.cpp">
      <Filter>Sesssion</Filter>
    </ClCompile>
    <ClCompile Include="GameManager.cpp">
      <Filter>Manager\GameManager</Filter>
    </ClCompile>
  </ItemGroup>
  <ItemGroup>
    <ClInclude Include="pch.h">
      <Filter>PCH</Filter>
    </ClInclude>
    <ClInclude Include="ClientSession.h">
      <Filter>Sesssion</Filter>
    </ClInclude>
    <ClInclude Include="Protocol.pb.h">
      <Filter>Protobuf</Filter>
    </ClInclude>
    <ClInclude Include="ClientPacketHandler.h">
      <Filter>Sesssion</Filter>
    </ClInclude>
    <ClInclude Include="GameManager.h">
      <Filter>Manager\GameManager</Filter>
    </ClInclude>
  </ItemGroup>
  <ItemGroup>
    <None Include="..\Protoc\bin\Protocol.proto">
      <Filter>Protobuf</Filter>
    </None>
  </ItemGroup>
</Project>