<?xml version="1.0" encoding="utf-8"?>
<Project ToolsVersion="4.0" xmlns="http://schemas.microsoft.com/developer/msbuild/2003">
  <ItemGroup>
    <Filter Include="Main">
      <UniqueIdentifier>{a53988fc-b405-4045-89af-ac404b34c121}</UniqueIdentifier>
    </Filter>
    <Filter Include="PCH">
      <UniqueIdentifier>{6fc19bdf-80bd-415e-ab3d-229fe7715062}</UniqueIdentifier>
    </Filter>
    <Filter Include="Sesssion">
      <UniqueIdentifier>{e2049c5b-53db-490c-ae98-fdbdcbeae918}</UniqueIdentifier>
    </Filter>
    <Filter Include="Protobuf">
      <UniqueIdentifier>{3d18b345-8e8d-4d53-b4c6-9a4f62982f99}</UniqueIdentifier>
    </Filter>
    <Filter Include="00_Manager">
      <UniqueIdentifier>{3a4611e0-2c1b-4d9c-8a4c-9acb4a25ff72}</UniqueIdentifier>
    </Filter>
    <Filter Include="00_Manager\00_GameManager">
      <UniqueIdentifier>{e173ec4a-4654-4e78-b497-a0b923178819}</UniqueIdentifier>
    </Filter>
    <Filter Include="01_Game">
      <UniqueIdentifier>{aa4717c3-6d5f-47d7-9168-c7d975536443}</UniqueIdentifier>
    </Filter>
    <Filter Include="01_Game\00_Player">
      <UniqueIdentifier>{ce6a19fc-7d4f-4d92-9e54-91bad93ddd83}</UniqueIdentifier>
    </Filter>
    <Filter Include="01_Game\01_GameRoom">
      <UniqueIdentifier>{8e777264-50d9-4016-ad31-5104f2179f79}</UniqueIdentifier>
    </Filter>
  </ItemGroup>
  <ItemGroup>
    <ClCompile Include="GameServer.cpp">
      <Filter>Main</Filter>
    </ClCompile>
    <ClCompile Include="pch.cpp">
      <Filter>PCH</Filter>
    </ClCompile>
    <ClCompile Include="ClientSession.cpp">
      <Filter>Sesssion</Filter>
    </ClCompile>
    <ClCompile Include="Protocol.pb.cc">
      <Filter>Protobuf</Filter>
    </ClCompile>
    <ClCompile Include="ClientPacketHandler.cpp">
      <Filter>Sesssion</Filter>
    </ClCompile>
    <ClCompile Include="Singleton.cpp">
      <Filter>00_Manager</Filter>
    </ClCompile>
    <ClCompile Include="GameManager.cpp">
      <Filter>00_Manager\00_GameManager</Filter>
    </ClCompile>
    <ClCompile Include="Player.cpp">
      <Filter>01_Game\00_Player</Filter>
    </ClCompile>
    <ClCompile Include="GameRoom.cpp">
      <Filter>01_Game\01_GameRoom</Filter>
    </ClCompile>
  </ItemGroup>
  <ItemGroup>
    <ClInclude Include="pch.h">
      <Filter>PCH</Filter>
    </ClInclude>
    <ClInclude Include="ClientSession.h">
      <Filter>Sesssion</Filter>
    </ClInclude>
    <ClInclude Include="Protocol.pb.h">
      <Filter>Protobuf</Filter>
    </ClInclude>
    <ClInclude Include="ClientPacketHandler.h">
      <Filter>Sesssion</Filter>
    </ClInclude>
    <ClInclude Include="Singleton.h">
      <Filter>00_Manager</Filter>
    </ClInclude>
    <ClInclude Include="GameManager.h">
      <Filter>00_Manager\00_GameManager</Filter>
    </ClInclude>
    <ClInclude Include="Player.h">
      <Filter>01_Game\00_Player</Filter>
    </ClInclude>
    <ClInclude Include="GameRoom.h">
      <Filter>01_Game\01_GameRoom</Filter>
    </ClInclude>
  </ItemGroup>
  <ItemGroup>
    <None Include="..\Protoc\bin\Protocol.proto">
      <Filter>Protobuf</Filter>
    </None>
  </ItemGroup>
</Project>