<?xml version="1.0" encoding="utf-8"?>
<Project ToolsVersion="4.0" xmlns="http://schemas.microsoft.com/developer/msbuild/2003">
  <ItemGroup>
    <Filter Include="Main">
      <UniqueIdentifier>{4FC737F1-C7A5-4376-A066-2A32D752A2FF}</UniqueIdentifier>
      <Extensions>cpp;c;cc;cxx;c++;cppm;ixx;def;odl;idl;hpj;bat;asm;asmx</Extensions>
    </Filter>
    <Filter Include="PCH">
      <UniqueIdentifier>{d192815a-2830-4e0b-a2f8-57710c084b0d}</UniqueIdentifier>
    </Filter>
    <Filter Include="Session">
      <UniqueIdentifier>{89310ba8-2be0-4bd6-8af6-683156a41f0f}</UniqueIdentifier>
    </Filter>
    <Filter Include="Protobuf">
      <UniqueIdentifier>{8d84b33d-5347-4a5c-a6d4-9769ff77a0b9}</UniqueIdentifier>
    </Filter>
    <Filter Include="00_Manager">
      <UniqueIdentifier>{5e628b09-9a8d-4858-83f0-3fc919d0b3e5}</UniqueIdentifier>
    </Filter>
    <Filter Include="00_Manager\00_GameManager">
      <UniqueIdentifier>{db46fac4-47b8-4e56-9699-59626717f289}</UniqueIdentifier>
    </Filter>
    <Filter Include="00_Manager\01_SceneManager">
      <UniqueIdentifier>{a9533c7c-25b4-4772-96f7-bf188023b6f7}</UniqueIdentifier>
    </Filter>
    <Filter Include="01_Scene">
      <UniqueIdentifier>{aac54896-dce5-478a-ad43-57b6eac1892c}</UniqueIdentifier>
    </Filter>
    <Filter Include="01_Scene\01_Login">
      <UniqueIdentifier>{f7d84755-921d-45ef-a77c-3abef2b1a750}</UniqueIdentifier>
    </Filter>
    <Filter Include="01_Scene\02_Register">
      <UniqueIdentifier>{fb8b36e8-899b-4f0d-b213-9ed83dab1b33}</UniqueIdentifier>
    </Filter>
    <Filter Include="01_Scene\03_EnterGame">
      <UniqueIdentifier>{dc77adb8-e395-4add-903d-97ce863e200c}</UniqueIdentifier>
    </Filter>
    <Filter Include="01_Scene\00_Loding">
      <UniqueIdentifier>{3fd4ef90-b30c-4708-ab71-ebd53137859c}</UniqueIdentifier>
    </Filter>
    <Filter Include="01_Scene\04_SelectRoom">
      <UniqueIdentifier>{9daa08a3-5121-4ce8-aaca-6245f578e8ab}</UniqueIdentifier>
    </Filter>
    <Filter Include="01_Scene\05_EnterRoom">
      <UniqueIdentifier>{538d7d68-5193-40fa-80bb-eb1146a24144}</UniqueIdentifier>
    </Filter>
    <Filter Include="00_Manager\02_GameRoomManager">
      <UniqueIdentifier>{5a14dd6f-b36a-4287-86d1-146f190f1260}</UniqueIdentifier>
    </Filter>
  </ItemGroup>
  <ItemGroup>
    <ClCompile Include="GameClient.cpp">
      <Filter>Main</Filter>
    </ClCompile>
    <ClCompile Include="pch.cpp">
      <Filter>PCH</Filter>
    </ClCompile>
    <ClCompile Include="ServerSession.cpp">
      <Filter>Session</Filter>
    </ClCompile>
    <ClCompile Include="Protocol.pb.cc">
      <Filter>Protobuf</Filter>
    </ClCompile>
    <ClCompile Include="ServerPacketHandler.cpp">
      <Filter>Session</Filter>
    </ClCompile>
    <ClCompile Include="GameManager.cpp">
      <Filter>00_Manager\00_GameManager</Filter>
    </ClCompile>
    <ClCompile Include="SceneManager.cpp">
      <Filter>00_Manager\01_SceneManager</Filter>
    </ClCompile>
    <ClCompile Include="Scene.cpp">
      <Filter>01_Scene</Filter>
    </ClCompile>
    <ClCompile Include="Login.cpp">
      <Filter>01_Scene\01_Login</Filter>
    </ClCompile>
    <ClCompile Include="Singleton.cpp">
      <Filter>00_Manager</Filter>
    </ClCompile>
    <ClCompile Include="Register.cpp">
      <Filter>01_Scene\02_Register</Filter>
    </ClCompile>
    <ClCompile Include="EnterGame.cpp">
      <Filter>01_Scene\03_EnterGame</Filter>
    </ClCompile>
    <ClCompile Include="Loading.cpp">
      <Filter>01_Scene\00_Loding</Filter>
    </ClCompile>
    <ClCompile Include="SelectRoom.cpp">
      <Filter>01_Scene\04_SelectRoom</Filter>
    </ClCompile>
    <ClCompile Include="EnterRoom.cpp">
      <Filter>01_Scene\05_EnterRoom</Filter>
    </ClCompile>
    <ClCompile Include="GameRoomManager.cpp">
      <Filter>00_Manager\02_GameRoomManager</Filter>
    </ClCompile>
  </ItemGroup>
  <ItemGroup>
    <ClInclude Include="pch.h">
      <Filter>PCH</Filter>
    </ClInclude>
    <ClInclude Include="ServerSession.h">
      <Filter>Session</Filter>
    </ClInclude>
    <ClInclude Include="Protocol.pb.h">
      <Filter>Protobuf</Filter>
    </ClInclude>
    <ClInclude Include="ServerPacketHandler.h">
      <Filter>Session</Filter>
    </ClInclude>
    <ClInclude Include="GameManager.h">
      <Filter>00_Manager\00_GameManager</Filter>
    </ClInclude>
    <ClInclude Include="SceneManager.h">
      <Filter>00_Manager\01_SceneManager</Filter>
    </ClInclude>
    <ClInclude Include="Scene.h">
      <Filter>01_Scene</Filter>
    </ClInclude>
    <ClInclude Include="Login.h">
      <Filter>01_Scene\01_Login</Filter>
    </ClInclude>
    <ClInclude Include="Singleton.h">
      <Filter>00_Manager</Filter>
    </ClInclude>
    <ClInclude Include="Register.h">
      <Filter>01_Scene\02_Register</Filter>
    </ClInclude>
    <ClInclude Include="EnterGame.h">
      <Filter>01_Scene\03_EnterGame</Filter>
    </ClInclude>
    <ClInclude Include="Loading.h">
      <Filter>01_Scene\00_Loding</Filter>
    </ClInclude>
    <ClInclude Include="SelectRoom.h">
      <Filter>01_Scene\04_SelectRoom</Filter>
    </ClInclude>
    <ClInclude Include="EnterRoom.h">
      <Filter>01_Scene\05_EnterRoom</Filter>
    </ClInclude>
    <ClInclude Include="GameRoomManager.h">
      <Filter>00_Manager\02_GameRoomManager</Filter>
    </ClInclude>
  </ItemGroup>
  <ItemGroup>
    <None Include="..\Protoc\bin\Protocol.proto">
      <Filter>Protobuf</Filter>
    </None>
  </ItemGroup>
</Project>