<?xml version="1.0" encoding="utf-8"?>
<Project ToolsVersion="4.0" xmlns="http://schemas.microsoft.com/developer/msbuild/2003">
  <ItemGroup>
    <Filter Include="PCH">
      <UniqueIdentifier>{90bb793e-1cf7-4dd6-bd46-c1e80996641d}</UniqueIdentifier>
    </Filter>
    <Filter Include="Network">
      <UniqueIdentifier>{367d56b7-052a-47f9-ae93-305253264efd}</UniqueIdentifier>
    </Filter>
    <Filter Include="Network\Service">
      <UniqueIdentifier>{627ba15a-4e98-4a98-a4ce-32fa562f7650}</UniqueIdentifier>
    </Filter>
    <Filter Include="Network\Buffer">
      <UniqueIdentifier>{8687ca42-daf1-47f9-be94-f3fabeecaec3}</UniqueIdentifier>
    </Filter>
    <Filter Include="Network\IocpObj">
      <UniqueIdentifier>{efe1ac38-b27b-43ec-bba1-9f899a49dcc6}</UniqueIdentifier>
    </Filter>
    <Filter Include="Network\IocpObj\Session">
      <UniqueIdentifier>{35bbdad0-e94a-438b-8bb1-e9e6b257a93d}</UniqueIdentifier>
    </Filter>
    <Filter Include="Network\IocpObj\Listener">
      <UniqueIdentifier>{2edbf35a-4219-46c0-babb-19c6db51a6a4}</UniqueIdentifier>
    </Filter>
    <Filter Include="Network\IOCP">
      <UniqueIdentifier>{d7003f69-d1c1-454b-895c-3d4415006a9f}</UniqueIdentifier>
    </Filter>
    <Filter Include="Network\Task">
      <UniqueIdentifier>{588313c0-f3ad-492f-9150-1b083006865a}</UniqueIdentifier>
    </Filter>
  </ItemGroup>
  <ItemGroup>
    <ClCompile Include="pch.cpp">
      <Filter>PCH</Filter>
    </ClCompile>
    <ClCompile Include="CorePch.cpp">
      <Filter>PCH</Filter>
    </ClCompile>
    <ClCompile Include="SocketHelper.cpp">
      <Filter>Network</Filter>
    </ClCompile>
    <ClCompile Include="Service.cpp">
      <Filter>Network\Service</Filter>
    </ClCompile>
    <ClCompile Include="ServerService.cpp">
      <Filter>Network\Service</Filter>
    </ClCompile>
    <ClCompile Include="ClientService.cpp">
      <Filter>Network\Service</Filter>
    </ClCompile>
    <ClCompile Include="RecvBuffer.cpp">
      <Filter>Network\Buffer</Filter>
    </ClCompile>
    <ClCompile Include="SendBuffer.cpp">
      <Filter>Network\Buffer</Filter>
    </ClCompile>
    <ClCompile Include="SendBufferManager.cpp">
      <Filter>Network\Buffer</Filter>
    </ClCompile>
    <ClCompile Include="SendBufferChunk.cpp">
      <Filter>Network\Buffer</Filter>
    </ClCompile>
    <ClCompile Include="Session.cpp">
      <Filter>Network\IocpObj\Session</Filter>
    </ClCompile>
    <ClCompile Include="PacketSession.cpp">
      <Filter>Network\IocpObj\Session</Filter>
    </ClCompile>
    <ClCompile Include="IocpObj.cpp">
      <Filter>Network\IocpObj</Filter>
    </ClCompile>
    <ClCompile Include="Listener.cpp">
      <Filter>Network\IocpObj\Listener</Filter>
    </ClCompile>
    <ClCompile Include="PacketHandler.cpp">
      <Filter>Network</Filter>
    </ClCompile>
    <ClCompile Include="IocpCore.cpp">
      <Filter>Network\IOCP</Filter>
    </ClCompile>
    <ClCompile Include="IocpEvent.cpp">
      <Filter>Network\IOCP</Filter>
    </ClCompile>
    <ClCompile Include="Task.cpp">
      <Filter>Network\Task</Filter>
    </ClCompile>
    <ClCompile Include="TaskQueue.cpp">
      <Filter>Network\Task</Filter>
    </ClCompile>
    <ClCompile Include="TaskQueueManager.cpp">
      <Filter>Network\Task</Filter>
    </ClCompile>
    <ClCompile Include="TaskTimer.cpp">
      <Filter>Network\Task</Filter>
    </ClCompile>
  </ItemGroup>
  <ItemGroup>
    <ClInclude Include="pch.h">
      <Filter>PCH</Filter>
    </ClInclude>
    <ClInclude Include="CorePch.h">
      <Filter>PCH</Filter>
    </ClInclude>
    <ClInclude Include="SocketHelper.h">
      <Filter>Network</Filter>
    </ClInclude>
    <ClInclude Include="Service.h">
      <Filter>Network\Service</Filter>
    </ClInclude>
    <ClInclude Include="ServerService.h">
      <Filter>Network\Service</Filter>
    </ClInclude>
    <ClInclude Include="ClientService.h">
      <Filter>Network\Service</Filter>
    </ClInclude>
    <ClInclude Include="RecvBuffer.h">
      <Filter>Network\Buffer</Filter>
    </ClInclude>
    <ClInclude Include="SendBuffer.h">
      <Filter>Network\Buffer</Filter>
    </ClInclude>
    <ClInclude Include="SendBufferManager.h">
      <Filter>Network\Buffer</Filter>
    </ClInclude>
    <ClInclude Include="SendBufferChunk.h">
      <Filter>Network\Buffer</Filter>
    </ClInclude>
    <ClInclude Include="Session.h">
      <Filter>Network\IocpObj\Session</Filter>
    </ClInclude>
    <ClInclude Include="PacketSession.h">
      <Filter>Network\IocpObj\Session</Filter>
    </ClInclude>
    <ClInclude Include="IocpObj.h">
      <Filter>Network\IocpObj</Filter>
    </ClInclude>
    <ClInclude Include="Listener.h">
      <Filter>Network\IocpObj\Listener</Filter>
    </ClInclude>
    <ClInclude Include="PacketHandler.h">
      <Filter>Network</Filter>
    </ClInclude>
    <ClInclude Include="IocpCore.h">
      <Filter>Network\IOCP</Filter>
    </ClInclude>
    <ClInclude Include="IocpEvent.h">
      <Filter>Network\IOCP</Filter>
    </ClInclude>
    <ClInclude Include="Task.h">
      <Filter>Network\Task</Filter>
    </ClInclude>
    <ClInclude Include="TaskQueue.h">
      <Filter>Network\Task</Filter>
    </ClInclude>
    <ClInclude Include="TaskQueueManager.h">
      <Filter>Network\Task</Filter>
    </ClInclude>
    <ClInclude Include="TaskTimer.h">
      <Filter>Network\Task</Filter>
    </ClInclude>
  </ItemGroup>
</Project>